{
  "name": "@rendrjs/router",
  "version": "0.0.7",
  "lockfileVersion": 3,
  "requires": true,
  "packages": {
    "": {
      "name": "@rendrjs/router",
      "version": "0.0.7",
      "license": "ISC",
      "devDependencies": {
        "typescript": "^5.1.6"
      },
      "peerDependencies": {
        "@rendrjs/core": "^0.1.223"
      }
    },
    "node_modules/@rendrjs/core": {
      "version": "0.1.223",
      "resolved": "https://registry.npmjs.org/@rendrjs/core/-/core-0.1.223.tgz",
      "integrity": "sha512-r7Yda2XujhFpaKDUOZcn4wiQHSLdrt21F+5MAyUp82cJA30jcVXgNVh4UyGytK/owHHqcIZNInN7ljEKyUcsmA==",
      "peer": true
    },
    "node_modules/typescript": {
      "version": "5.3.3",
      "resolved": "https://registry.npmjs.org/typescript/-/typescript-5.3.3.tgz",
      "integrity": "sha512-pXWcraxM0uxAS+tN0AG/BF2TyqmHO014Z070UsJ+pFvYuRSq8KH8DmWpnbXe0pEPDHXZV3FcAbJkijJ5oNEnWw==",
      "dev": true,
      "bin": {
        "tsc": "bin/tsc",
        "tsserver": "bin/tsserver"
      },
      "engines": {
        "node": ">=14.17"
      }
    }
  }
}
